{
  "name": "debugwithdj-graphapi",
  "version": "1.0.0",
  "lockfileVersion": 3,
  "requires": true,
  "packages": {
    "": {
      "name": "debugwithdj-graphapi",
      "version": "1.0.0",
      "license": "ISC",
      "dependencies": {
        "debugwithdj-graphapi": "file:"
      }
    },
    "node_modules/debugwithdj-graphapi": {
      "resolved": "",
      "link": true
    }
  }
}
